
Microsoft Visual Studio Solution File, Format Version 12.00
# Visual Studio Express 2013 for Windows Desktop
VisualStudioVersion = 12.0.21005.1
MinimumVisualStudioVersion = 10.0.40219.1
Project("{FAE04EC0-301F-11D3-BF4B-00C04F79EFBC}") = "SimpleCustomer", "SimpleCustomer\SimpleCustomer.csproj", "{F4E45E67-D276-43B4-86DE-AF6D9366953B}"
EndProject
Project("{FAE04EC0-301F-11D3-BF4B-00C04F79EFBC}") = "SimpleCustomer.Data", "SimpleCustomer.Data\SimpleCustomer.Data.csproj", "{B0682EFE-EF3E-4FCA-BA11-51AB5BE5FC57}"
EndProject
Project("{FAE04EC0-301F-11D3-BF4B-00C04F79EFBC}") = "SimpleCustomer.Core", "SimpleCustomer.Core\SimpleCustomer.Core.csproj", "{B511C565-EFF2-4B91-ACF7-CB55C14DE68F}"
EndProject
Project("{FAE04EC0-301F-11D3-BF4B-00C04F79EFBC}") = "SimpleCustomer.Test", "..\Test\SimpleCustomer.Test\SimpleCustomer.Test.csproj", "{6B6E670E-34CA-4D0B-907E-7038AD491F44}"
EndProject
Global
	GlobalSection(SolutionConfigurationPlatforms) = preSolution
		Debug|Any CPU = Debug|Any CPU
		Debug|x64 = Debug|x64
		Debug|x86 = Debug|x86
		Release|Any CPU = Release|Any CPU
		Release|x64 = Release|x64
		Release|x86 = Release|x86
	EndGlobalSection
	GlobalSection(ProjectConfigurationPlatforms) = postSolution
		{F4E45E67-D276-43B4-86DE-AF6D9366953B}.Debug|Any CPU.ActiveCfg = Debug|Any CPU
		{F4E45E67-D276-43B4-86DE-AF6D9366953B}.Debug|Any CPU.Build.0 = Debug|Any CPU
		{F4E45E67-D276-43B4-86DE-AF6D9366953B}.Debug|x64.ActiveCfg = Debug|x64
		{F4E45E67-D276-43B4-86DE-AF6D9366953B}.Debug|x64.Build.0 = Debug|x64
		{F4E45E67-D276-43B4-86DE-AF6D9366953B}.Debug|x86.ActiveCfg = Debug|x86
		{F4E45E67-D276-43B4-86DE-AF6D9366953B}.Debug|x86.Build.0 = Debug|x86
		{F4E45E67-D276-43B4-86DE-AF6D9366953B}.Release|Any CPU.ActiveCfg = Release|Any CPU
		{F4E45E67-D276-43B4-86DE-AF6D9366953B}.Release|Any CPU.Build.0 = Release|Any CPU
		{F4E45E67-D276-43B4-86DE-AF6D9366953B}.Release|Any CPU.Deploy.0 = Release|Any CPU
		{F4E45E67-D276-43B4-86DE-AF6D9366953B}.Release|x64.ActiveCfg = Release|Any CPU
		{F4E45E67-D276-43B4-86DE-AF6D9366953B}.Release|x64.Build.0 = Release|Any CPU
		{F4E45E67-D276-43B4-86DE-AF6D9366953B}.Release|x64.Deploy.0 = Release|Any CPU
		{F4E45E67-D276-43B4-86DE-AF6D9366953B}.Release|x86.ActiveCfg = Release|Any CPU
		{F4E45E67-D276-43B4-86DE-AF6D9366953B}.Release|x86.Build.0 = Release|Any CPU
		{F4E45E67-D276-43B4-86DE-AF6D9366953B}.Release|x86.Deploy.0 = Release|Any CPU
		{B0682EFE-EF3E-4FCA-BA11-51AB5BE5FC57}.Debug|Any CPU.ActiveCfg = Debug|Any CPU
		{B0682EFE-EF3E-4FCA-BA11-51AB5BE5FC57}.Debug|Any CPU.Build.0 = Debug|Any CPU
		{B0682EFE-EF3E-4FCA-BA11-51AB5BE5FC57}.Debug|x64.ActiveCfg = Debug|Any CPU
		{B0682EFE-EF3E-4FCA-BA11-51AB5BE5FC57}.Debug|x86.ActiveCfg = Debug|Any CPU
		{B0682EFE-EF3E-4FCA-BA11-51AB5BE5FC57}.Release|Any CPU.ActiveCfg = Release|Any CPU
		{B0682EFE-EF3E-4FCA-BA11-51AB5BE5FC57}.Release|Any CPU.Build.0 = Release|Any CPU
		{B0682EFE-EF3E-4FCA-BA11-51AB5BE5FC57}.Release|x64.ActiveCfg = Release|Any CPU
		{B0682EFE-EF3E-4FCA-BA11-51AB5BE5FC57}.Release|x86.ActiveCfg = Release|Any CPU
		{B511C565-EFF2-4B91-ACF7-CB55C14DE68F}.Debug|Any CPU.ActiveCfg = Debug|Any CPU
		{B511C565-EFF2-4B91-ACF7-CB55C14DE68F}.Debug|Any CPU.Build.0 = Debug|Any CPU
		{B511C565-EFF2-4B91-ACF7-CB55C14DE68F}.Debug|x64.ActiveCfg = Debug|Any CPU
		{B511C565-EFF2-4B91-ACF7-CB55C14DE68F}.Debug|x86.ActiveCfg = Debug|Any CPU
		{B511C565-EFF2-4B91-ACF7-CB55C14DE68F}.Release|Any CPU.ActiveCfg = Release|Any CPU
		{B511C565-EFF2-4B91-ACF7-CB55C14DE68F}.Release|Any CPU.Build.0 = Release|Any CPU
		{B511C565-EFF2-4B91-ACF7-CB55C14DE68F}.Release|x64.ActiveCfg = Release|Any CPU
		{B511C565-EFF2-4B91-ACF7-CB55C14DE68F}.Release|x86.ActiveCfg = Release|Any CPU
		{6B6E670E-34CA-4D0B-907E-7038AD491F44}.Debug|Any CPU.ActiveCfg = Debug|Any CPU
		{6B6E670E-34CA-4D0B-907E-7038AD491F44}.Debug|Any CPU.Build.0 = Debug|Any CPU
		{6B6E670E-34CA-4D0B-907E-7038AD491F44}.Debug|x64.ActiveCfg = Debug|Any CPU
		{6B6E670E-34CA-4D0B-907E-7038AD491F44}.Debug|x86.ActiveCfg = Debug|Any CPU
		{6B6E670E-34CA-4D0B-907E-7038AD491F44}.Release|Any CPU.ActiveCfg = Release|Any CPU
		{6B6E670E-34CA-4D0B-907E-7038AD491F44}.Release|Any CPU.Build.0 = Release|Any CPU
		{6B6E670E-34CA-4D0B-907E-7038AD491F44}.Release|x64.ActiveCfg = Release|Any CPU
		{6B6E670E-34CA-4D0B-907E-7038AD491F44}.Release|x86.ActiveCfg = Release|Any CPU
	EndGlobalSection
	GlobalSection(SolutionProperties) = preSolution
		HideSolutionNode = FALSE
	EndGlobalSection
EndGlobal
